
Microsoft Visual Studio Solution File, Format Version 12.00
Project("{FAE04EC0-301F-11D3-BF4B-00C04F79EFBC}") = "TanksGame", "TanksGame\TanksGame.csproj", "{A663E786-1D94-48B7-98C3-1E04E2C37176}"
EndProject
Project("{FAE04EC0-301F-11D3-BF4B-00C04F79EFBC}") = "AI", "AI\AI.csproj", "{8741304B-D4B2-46BC-9CCC-AFE8154E490B}"
EndProject
Global
	GlobalSection(SolutionConfigurationPlatforms) = preSolution
		Debug|Any CPU = Debug|Any CPU
		Release|Any CPU = Release|Any CPU
	EndGlobalSection
	GlobalSection(ProjectConfigurationPlatforms) = postSolution
		{A663E786-1D94-48B7-98C3-1E04E2C37176}.Debug|Any CPU.ActiveCfg = Debug|Any CPU
		{A663E786-1D94-48B7-98C3-1E04E2C37176}.Debug|Any CPU.Build.0 = Debug|Any CPU
		{A663E786-1D94-48B7-98C3-1E04E2C37176}.Release|Any CPU.ActiveCfg = Release|Any CPU
		{A663E786-1D94-48B7-98C3-1E04E2C37176}.Release|Any CPU.Build.0 = Release|Any CPU
		{8741304B-D4B2-46BC-9CCC-AFE8154E490B}.Debug|Any CPU.ActiveCfg = Debug|Any CPU
		{8741304B-D4B2-46BC-9CCC-AFE8154E490B}.Debug|Any CPU.Build.0 = Debug|Any CPU
		{8741304B-D4B2-46BC-9CCC-AFE8154E490B}.Release|Any CPU.ActiveCfg = Release|Any CPU
		{8741304B-D4B2-46BC-9CCC-AFE8154E490B}.Release|Any CPU.Build.0 = Release|Any CPU
	EndGlobalSection
EndGlobal
